
Microsoft Visual Studio Solution File, Format Version 12.00
# Visual Studio Version 17
VisualStudioVersion = 17.13.35825.156
MinimumVisualStudioVersion = 10.0.40219.1
Project("{FAE04EC0-301F-11D3-BF4B-00C04F79EFBC}") = "KnxHelden.SHES.App", "KnxHelden.SHES.App\KnxHelden.SHES.App.csproj", "{8A6CDAD3-67F8-4A24-B196-8EEFC00C1D16}"
EndProject
Project("{FAE04EC0-301F-11D3-BF4B-00C04F79EFBC}") = "KnxHelden.SHES.Models", "KnxHelden.SHES.Models\KnxHelden.SHES.Models.csproj", "{190A9E49-A22F-445D-8F7F-C97D34834DF1}"
EndProject
Project("{FAE04EC0-301F-11D3-BF4B-00C04F79EFBC}") = "KnxHelden.SHES.Data", "KnxHelden.SHES.Data\KnxHelden.SHES.Data.csproj", "{5EE939FF-B79F-47E3-985C-3960A5A283F2}"
EndProject
Project("{FAE04EC0-301F-11D3-BF4B-00C04F79EFBC}") = "KnxHelden.SHES.Services", "KnxHelden.SHES.Services\KnxHelden.SHES.Services.csproj", "{15385248-7008-487A-A2D5-A5C441290434}"
EndProject
Project("{FAE04EC0-301F-11D3-BF4B-00C04F79EFBC}") = "KnxHelden.SHES.Shared", "KnxHelden.SHES.Shared\KnxHelden.SHES.Shared.csproj", "{E7FAF2EF-D7AA-44A6-91E4-C34022DB59C3}"
EndProject
Project("{FAE04EC0-301F-11D3-BF4B-00C04F79EFBC}") = "KnxHelden.SHES.Controls", "KnxHelden.SHES.Controls\KnxHelden.SHES.Controls.csproj", "{73C87749-F133-4A9F-938E-23AC2CF6286F}"
EndProject
Global
	GlobalSection(SolutionConfigurationPlatforms) = preSolution
		Debug|ARM64 = Debug|ARM64
		Debug|x64 = Debug|x64
		Debug|x86 = Debug|x86
		Release|ARM64 = Release|ARM64
		Release|x64 = Release|x64
		Release|x86 = Release|x86
	EndGlobalSection
	GlobalSection(ProjectConfigurationPlatforms) = postSolution
		{8A6CDAD3-67F8-4A24-B196-8EEFC00C1D16}.Debug|ARM64.ActiveCfg = Debug|ARM64
		{8A6CDAD3-67F8-4A24-B196-8EEFC00C1D16}.Debug|ARM64.Build.0 = Debug|ARM64
		{8A6CDAD3-67F8-4A24-B196-8EEFC00C1D16}.Debug|ARM64.Deploy.0 = Debug|ARM64
		{8A6CDAD3-67F8-4A24-B196-8EEFC00C1D16}.Debug|x64.ActiveCfg = Debug|x64
		{8A6CDAD3-67F8-4A24-B196-8EEFC00C1D16}.Debug|x64.Build.0 = Debug|x64
		{8A6CDAD3-67F8-4A24-B196-8EEFC00C1D16}.Debug|x64.Deploy.0 = Debug|x64
		{8A6CDAD3-67F8-4A24-B196-8EEFC00C1D16}.Debug|x86.ActiveCfg = Debug|x86
		{8A6CDAD3-67F8-4A24-B196-8EEFC00C1D16}.Debug|x86.Build.0 = Debug|x86
		{8A6CDAD3-67F8-4A24-B196-8EEFC00C1D16}.Debug|x86.Deploy.0 = Debug|x86
		{8A6CDAD3-67F8-4A24-B196-8EEFC00C1D16}.Release|ARM64.ActiveCfg = Release|ARM64
		{8A6CDAD3-67F8-4A24-B196-8EEFC00C1D16}.Release|ARM64.Build.0 = Release|ARM64
		{8A6CDAD3-67F8-4A24-B196-8EEFC00C1D16}.Release|ARM64.Deploy.0 = Release|ARM64
		{8A6CDAD3-67F8-4A24-B196-8EEFC00C1D16}.Release|x64.ActiveCfg = Release|x64
		{8A6CDAD3-67F8-4A24-B196-8EEFC00C1D16}.Release|x64.Build.0 = Release|x64
		{8A6CDAD3-67F8-4A24-B196-8EEFC00C1D16}.Release|x64.Deploy.0 = Release|x64
		{8A6CDAD3-67F8-4A24-B196-8EEFC00C1D16}.Release|x86.ActiveCfg = Release|x86
		{8A6CDAD3-67F8-4A24-B196-8EEFC00C1D16}.Release|x86.Build.0 = Release|x86
		{8A6CDAD3-67F8-4A24-B196-8EEFC00C1D16}.Release|x86.Deploy.0 = Release|x86
		{190A9E49-A22F-445D-8F7F-C97D34834DF1}.Debug|ARM64.ActiveCfg = Debug|Any CPU
		{190A9E49-A22F-445D-8F7F-C97D34834DF1}.Debug|ARM64.Build.0 = Debug|Any CPU
		{190A9E49-A22F-445D-8F7F-C97D34834DF1}.Debug|x64.ActiveCfg = Debug|Any CPU
		{190A9E49-A22F-445D-8F7F-C97D34834DF1}.Debug|x64.Build.0 = Debug|Any CPU
		{190A9E49-A22F-445D-8F7F-C97D34834DF1}.Debug|x86.ActiveCfg = Debug|Any CPU
		{190A9E49-A22F-445D-8F7F-C97D34834DF1}.Debug|x86.Build.0 = Debug|Any CPU
		{190A9E49-A22F-445D-8F7F-C97D34834DF1}.Release|ARM64.ActiveCfg = Release|Any CPU
		{190A9E49-A22F-445D-8F7F-C97D34834DF1}.Release|ARM64.Build.0 = Release|Any CPU
		{190A9E49-A22F-445D-8F7F-C97D34834DF1}.Release|x64.ActiveCfg = Release|Any CPU
		{190A9E49-A22F-445D-8F7F-C97D34834DF1}.Release|x64.Build.0 = Release|Any CPU
		{190A9E49-A22F-445D-8F7F-C97D34834DF1}.Release|x86.ActiveCfg = Release|Any CPU
		{190A9E49-A22F-445D-8F7F-C97D34834DF1}.Release|x86.Build.0 = Release|Any CPU
		{5EE939FF-B79F-47E3-985C-3960A5A283F2}.Debug|ARM64.ActiveCfg = Debug|Any CPU
		{5EE939FF-B79F-47E3-985C-3960A5A283F2}.Debug|ARM64.Build.0 = Debug|Any CPU
		{5EE939FF-B79F-47E3-985C-3960A5A283F2}.Debug|x64.ActiveCfg = Debug|Any CPU
		{5EE939FF-B79F-47E3-985C-3960A5A283F2}.Debug|x64.Build.0 = Debug|Any CPU
		{5EE939FF-B79F-47E3-985C-3960A5A283F2}.Debug|x86.ActiveCfg = Debug|Any CPU
		{5EE939FF-B79F-47E3-985C-3960A5A283F2}.Debug|x86.Build.0 = Debug|Any CPU
		{5EE939FF-B79F-47E3-985C-3960A5A283F2}.Release|ARM64.ActiveCfg = Release|Any CPU
		{5EE939FF-B79F-47E3-985C-3960A5A283F2}.Release|ARM64.Build.0 = Release|Any CPU
		{5EE939FF-B79F-47E3-985C-3960A5A283F2}.Release|x64.ActiveCfg = Release|Any CPU
		{5EE939FF-B79F-47E3-985C-3960A5A283F2}.Release|x64.Build.0 = Release|Any CPU
		{5EE939FF-B79F-47E3-985C-3960A5A283F2}.Release|x86.ActiveCfg = Release|Any CPU
		{5EE939FF-B79F-47E3-985C-3960A5A283F2}.Release|x86.Build.0 = Release|Any CPU
		{15385248-7008-487A-A2D5-A5C441290434}.Debug|ARM64.ActiveCfg = Debug|Any CPU
		{15385248-7008-487A-A2D5-A5C441290434}.Debug|ARM64.Build.0 = Debug|Any CPU
		{15385248-7008-487A-A2D5-A5C441290434}.Debug|x64.ActiveCfg = Debug|Any CPU
		{15385248-7008-487A-A2D5-A5C441290434}.Debug|x64.Build.0 = Debug|Any CPU
		{15385248-7008-487A-A2D5-A5C441290434}.Debug|x86.ActiveCfg = Debug|Any CPU
		{15385248-7008-487A-A2D5-A5C441290434}.Debug|x86.Build.0 = Debug|Any CPU
		{15385248-7008-487A-A2D5-A5C441290434}.Release|ARM64.ActiveCfg = Release|Any CPU
		{15385248-7008-487A-A2D5-A5C441290434}.Release|ARM64.Build.0 = Release|Any CPU
		{15385248-7008-487A-A2D5-A5C441290434}.Release|x64.ActiveCfg = Release|Any CPU
		{15385248-7008-487A-A2D5-A5C441290434}.Release|x64.Build.0 = Release|Any CPU
		{15385248-7008-487A-A2D5-A5C441290434}.Release|x86.ActiveCfg = Release|Any CPU
		{15385248-7008-487A-A2D5-A5C441290434}.Release|x86.Build.0 = Release|Any CPU
		{E7FAF2EF-D7AA-44A6-91E4-C34022DB59C3}.Debug|ARM64.ActiveCfg = Debug|Any CPU
		{E7FAF2EF-D7AA-44A6-91E4-C34022DB59C3}.Debug|ARM64.Build.0 = Debug|Any CPU
		{E7FAF2EF-D7AA-44A6-91E4-C34022DB59C3}.Debug|x64.ActiveCfg = Debug|Any CPU
		{E7FAF2EF-D7AA-44A6-91E4-C34022DB59C3}.Debug|x64.Build.0 = Debug|Any CPU
		{E7FAF2EF-D7AA-44A6-91E4-C34022DB59C3}.Debug|x86.ActiveCfg = Debug|Any CPU
		{E7FAF2EF-D7AA-44A6-91E4-C34022DB59C3}.Debug|x86.Build.0 = Debug|Any CPU
		{E7FAF2EF-D7AA-44A6-91E4-C34022DB59C3}.Release|ARM64.ActiveCfg = Release|Any CPU
		{E7FAF2EF-D7AA-44A6-91E4-C34022DB59C3}.Release|ARM64.Build.0 = Release|Any CPU
		{E7FAF2EF-D7AA-44A6-91E4-C34022DB59C3}.Release|x64.ActiveCfg = Release|Any CPU
		{E7FAF2EF-D7AA-44A6-91E4-C34022DB59C3}.Release|x64.Build.0 = Release|Any CPU
		{E7FAF2EF-D7AA-44A6-91E4-C34022DB59C3}.Release|x86.ActiveCfg = Release|Any CPU
		{E7FAF2EF-D7AA-44A6-91E4-C34022DB59C3}.Release|x86.Build.0 = Release|Any CPU
		{73C87749-F133-4A9F-938E-23AC2CF6286F}.Debug|ARM64.ActiveCfg = Debug|Any CPU
		{73C87749-F133-4A9F-938E-23AC2CF6286F}.Debug|ARM64.Build.0 = Debug|Any CPU
		{73C87749-F133-4A9F-938E-23AC2CF6286F}.Debug|x64.ActiveCfg = Debug|Any CPU
		{73C87749-F133-4A9F-938E-23AC2CF6286F}.Debug|x64.Build.0 = Debug|Any CPU
		{73C87749-F133-4A9F-938E-23AC2CF6286F}.Debug|x86.ActiveCfg = Debug|Any CPU
		{73C87749-F133-4A9F-938E-23AC2CF6286F}.Debug|x86.Build.0 = Debug|Any CPU
		{73C87749-F133-4A9F-938E-23AC2CF6286F}.Release|ARM64.ActiveCfg = Release|Any CPU
		{73C87749-F133-4A9F-938E-23AC2CF6286F}.Release|ARM64.Build.0 = Release|Any CPU
		{73C87749-F133-4A9F-938E-23AC2CF6286F}.Release|x64.ActiveCfg = Release|Any CPU
		{73C87749-F133-4A9F-938E-23AC2CF6286F}.Release|x64.Build.0 = Release|Any CPU
		{73C87749-F133-4A9F-938E-23AC2CF6286F}.Release|x86.ActiveCfg = Release|Any CPU
		{73C87749-F133-4A9F-938E-23AC2CF6286F}.Release|x86.Build.0 = Release|Any CPU
	EndGlobalSection
	GlobalSection(SolutionProperties) = preSolution
		HideSolutionNode = FALSE
	EndGlobalSection
	GlobalSection(ExtensibilityGlobals) = postSolution
		SolutionGuid = {3523ECF4-ADF1-4BA8-AC80-C07F7F3F5100}
	EndGlobalSection
EndGlobal
